
Microsoft Visual Studio Solution File, Format Version 12.00
# Visual Studio Version 17
VisualStudioVersion = 17.13.35931.197
MinimumVisualStudioVersion = 10.0.40219.1
Project("{FAE04EC0-301F-11D3-BF4B-00C04F79EFBC}") = "PoWorks Rework", "PoWorks Rework\PoWorks Rework.csproj", "{4D71C9D4-74AD-4D43-BFA8-4A9547597C6A}"
EndProject
Global
	GlobalSection(SolutionConfigurationPlatforms) = preSolution
		Debug|Any CPU = Debug|Any CPU
		Release|Any CPU = Release|Any CPU
	EndGlobalSection
	GlobalSection(ProjectConfigurationPlatforms) = postSolution
		{4D71C9D4-74AD-4D43-BFA8-4A9547597C6A}.Debug|Any CPU.ActiveCfg = Debug|Any CPU
		{4D71C9D4-74AD-4D43-BFA8-4A9547597C6A}.Debug|Any CPU.Build.0 = Debug|Any CPU
		{4D71C9D4-74AD-4D43-BFA8-4A9547597C6A}.Release|Any CPU.ActiveCfg = Release|Any CPU
		{4D71C9D4-74AD-4D43-BFA8-4A9547597C6A}.Release|Any CPU.Build.0 = Release|Any CPU
	EndGlobalSection
	GlobalSection(SolutionProperties) = preSolution
		HideSolutionNode = FALSE
	EndGlobalSection
	GlobalSection(ExtensibilityGlobals) = postSolution
		SolutionGuid = {FA8A4E0A-1D1B-40B4-AF7B-DB32896856B0}
	EndGlobalSection
EndGlobal
